
Microsoft Visual Studio Solution File, Format Version 12.00
# Visual Studio 15
VisualStudioVersion = 15.0.26730.12
MinimumVisualStudioVersion = 10.0.40219.1
Project("{9A19103F-16F7-4668-BE54-9A1E7A4F7556}") = "EloLesekopieDecoding", "EloLesekopieDecoding\EloLesekopieDecoding.csproj", "{2348024B-99BF-4E9B-9D86-1E40EAA11C8F}"
EndProject
Project("{FAE04EC0-301F-11D3-BF4B-00C04F79EFBC}") = "EloExportConverter", "EloExportConverter\EloExportConverter.csproj", "{F0C06277-CF26-492C-A477-3B086024543A}"
EndProject
Global
	GlobalSection(SolutionConfigurationPlatforms) = preSolution
		Debug|Any CPU = Debug|Any CPU
		Release|Any CPU = Release|Any CPU
	EndGlobalSection
	GlobalSection(ProjectConfigurationPlatforms) = postSolution
		{2348024B-99BF-4E9B-9D86-1E40EAA11C8F}.Debug|Any CPU.ActiveCfg = Debug|Any CPU
		{2348024B-99BF-4E9B-9D86-1E40EAA11C8F}.Debug|Any CPU.Build.0 = Debug|Any CPU
		{2348024B-99BF-4E9B-9D86-1E40EAA11C8F}.Release|Any CPU.ActiveCfg = Release|Any CPU
		{2348024B-99BF-4E9B-9D86-1E40EAA11C8F}.Release|Any CPU.Build.0 = Release|Any CPU
		{F0C06277-CF26-492C-A477-3B086024543A}.Debug|Any CPU.ActiveCfg = Debug|Any CPU
		{F0C06277-CF26-492C-A477-3B086024543A}.Debug|Any CPU.Build.0 = Debug|Any CPU
		{F0C06277-CF26-492C-A477-3B086024543A}.Release|Any CPU.ActiveCfg = Release|Any CPU
		{F0C06277-CF26-492C-A477-3B086024543A}.Release|Any CPU.Build.0 = Release|Any CPU
	EndGlobalSection
	GlobalSection(SolutionProperties) = preSolution
		HideSolutionNode = FALSE
	EndGlobalSection
	GlobalSection(ExtensibilityGlobals) = postSolution
		SolutionGuid = {DBD09374-B539-42DA-8DF2-6C3F45AA321F}
	EndGlobalSection
EndGlobal
